
Microsoft Visual Studio Solution File, Format Version 12.00
Project("{FAE04EC0-301F-11D3-BF4B-00C04F79EFBC}") = "Console", "Console\Console.csproj", "{31D887FF-6A81-42A4-BDEE-7CDDB3F669CD}"
EndProject
Project("{FAE04EC0-301F-11D3-BF4B-00C04F79EFBC}") = "Ex_001", "Ex_001\Ex_001.csproj", "{81C24805-799C-4B5B-B06B-8A803C87545D}"
EndProject
Project("{FAE04EC0-301F-11D3-BF4B-00C04F79EFBC}") = "Ex_002", "Ex_002\Ex_002.csproj", "{490BEE70-8878-4A8A-936E-48DEF6F4C36A}"
EndProject
Project("{2150E333-8FDC-42A3-9474-1A3956D46DE8}") = "Tests", "Tests", "{C5797964-0C54-4D36-A1A5-A8991F0C631E}"
EndProject
Project("{FAE04EC0-301F-11D3-BF4B-00C04F79EFBC}") = "Ex_001.Tests", "Tests\Ex_001.Tests\Ex_001.Tests.csproj", "{657974DC-818A-432C-9EC3-0C7146A892C1}"
EndProject
Project("{FAE04EC0-301F-11D3-BF4B-00C04F79EFBC}") = "Ex_002.Tests", "Tests\Ex_002.Tests\Ex_002.Tests.csproj", "{74688670-4591-461F-A863-061D039A0794}"
EndProject
Project("{FAE04EC0-301F-11D3-BF4B-00C04F79EFBC}") = "Ex_003", "Ex_003\Ex_003.csproj", "{212CC93C-4070-4934-A36B-1658E79D22D3}"
EndProject
Project("{FAE04EC0-301F-11D3-BF4B-00C04F79EFBC}") = "Ex_003.Tests", "Tests\Ex_003.Tests\Ex_003.Tests.csproj", "{9A7EBA64-A898-422C-A26A-FD8D5764DFF4}"
EndProject
Project("{FAE04EC0-301F-11D3-BF4B-00C04F79EFBC}") = "Common", "Common\Common.csproj", "{C2D57249-8086-49C7-BF18-3CAEF1D4C81C}"
EndProject
Project("{FAE04EC0-301F-11D3-BF4B-00C04F79EFBC}") = "Ex_004", "Ex_004\Ex_004.csproj", "{D4DC6DE7-FC8C-4617-8DBF-FEE8421A9683}"
EndProject
Project("{FAE04EC0-301F-11D3-BF4B-00C04F79EFBC}") = "Ex_004.Tests", "Tests\Ex_004.Tests\Ex_004.Tests.csproj", "{636D47E4-C6A9-4553-8C90-26956B06D509}"
EndProject
Project("{FAE04EC0-301F-11D3-BF4B-00C04F79EFBC}") = "Ex_005.Tests", "Tests\Ex_005.Tests\Ex_005.Tests.csproj", "{7080302A-B6BC-49AF-BACE-100D6F943613}"
EndProject
Project("{FAE04EC0-301F-11D3-BF4B-00C04F79EFBC}") = "Ex_005", "Ex_005\Ex_005.csproj", "{1D679DDD-CC38-428F-9742-300DBE222448}"
EndProject
Project("{FAE04EC0-301F-11D3-BF4B-00C04F79EFBC}") = "Ex_006", "Ex_006\Ex_006.csproj", "{EBE45114-0C3D-480E-8196-33971E5D0E1F}"
EndProject
Project("{FAE04EC0-301F-11D3-BF4B-00C04F79EFBC}") = "Ex_006.Tests", "Tests\Ex_006.Tests\Ex_006.Tests.csproj", "{4C1CEAF5-236D-4402-A9C1-24E37FD15758}"
EndProject
Project("{FAE04EC0-301F-11D3-BF4B-00C04F79EFBC}") = "Ex_007", "Ex_007\Ex_007.csproj", "{292E78AB-E9E7-4E8C-9D31-17F886B30FC3}"
EndProject
Project("{FAE04EC0-301F-11D3-BF4B-00C04F79EFBC}") = "Ex_007.Tests", "Tests\Ex_007.Tests\Ex_007.Tests.csproj", "{D476F5A9-095B-44C2-9A6D-1F6D22E02BE9}"
EndProject
Project("{FAE04EC0-301F-11D3-BF4B-00C04F79EFBC}") = "Ex_008.Tests", "Tests\Ex_008.Tests\Ex_008.Tests.csproj", "{B27E1066-8801-4B31-BB65-5BDD7F1CFEE7}"
EndProject
Project("{FAE04EC0-301F-11D3-BF4B-00C04F79EFBC}") = "Ex_008", "Ex_008\Ex_008.csproj", "{F75BBAC2-DB8E-464E-8999-B8FBC37E64FC}"
EndProject
Project("{FAE04EC0-301F-11D3-BF4B-00C04F79EFBC}") = "Ex_009.Tests", "Tests\Ex_009.Tests\Ex_009.Tests.csproj", "{895DAB39-0D08-49A5-A720-C32A98EF0B8B}"
EndProject
Project("{FAE04EC0-301F-11D3-BF4B-00C04F79EFBC}") = "Ex_009", "Ex_009\Ex_009.csproj", "{9A76A87A-BD4B-4A41-88F0-DFA70EBA1754}"
EndProject
Project("{FAE04EC0-301F-11D3-BF4B-00C04F79EFBC}") = "Ex_010.Tests", "Tests\Ex_010.Tests\Ex_010.Tests.csproj", "{6C9E467E-4D0D-444E-9B97-10E2074C01F4}"
EndProject
Project("{FAE04EC0-301F-11D3-BF4B-00C04F79EFBC}") = "Ex_010", "Ex_010\Ex_010.csproj", "{86668B21-2B88-4CFE-9FAB-F28DB626483E}"
EndProject
Project("{FAE04EC0-301F-11D3-BF4B-00C04F79EFBC}") = "Ex_011", "Ex_011\Ex_011.csproj", "{AAD9D8D9-E518-4F63-B1DE-7DE94B97C828}"
EndProject
Project("{FAE04EC0-301F-11D3-BF4B-00C04F79EFBC}") = "Ex_011.Tests", "Tests\Ex_011.Tests\Ex_011.Tests.csproj", "{85B9E7B2-1E18-449D-82F3-1B4E86669176}"
EndProject
Project("{FAE04EC0-301F-11D3-BF4B-00C04F79EFBC}") = "Ex_012", "Ex_012\Ex_012.csproj", "{07FA431E-258B-448F-979C-20D8C5117F57}"
EndProject
Project("{FAE04EC0-301F-11D3-BF4B-00C04F79EFBC}") = "Ex_012.Tests", "Tests\Ex_012.Tests\Ex_012.Tests.csproj", "{0A0C516B-750A-42ED-AFB5-27260491E440}"
EndProject
Project("{FAE04EC0-301F-11D3-BF4B-00C04F79EFBC}") = "Ex_013", "Ex_013\Ex_013.csproj", "{8EB056EC-95C3-4A7F-9F73-B0AF4369B230}"
EndProject
Project("{FAE04EC0-301F-11D3-BF4B-00C04F79EFBC}") = "Ex_013.Tests", "Tests\Ex_013.Tests\Ex_013.Tests.csproj", "{758D34AB-3FD0-40A6-A77F-B489E4E121DB}"
EndProject
Project("{FAE04EC0-301F-11D3-BF4B-00C04F79EFBC}") = "Ex_014", "Ex_014\Ex_014.csproj", "{53049EB0-035F-4C1D-8A68-527D91B99CC8}"
EndProject
Project("{FAE04EC0-301F-11D3-BF4B-00C04F79EFBC}") = "Ex_014.Tests", "Tests\Ex_014.Tests\Ex_014.Tests.csproj", "{F1A22464-2FF8-4381-82B7-30484F653CBD}"
EndProject
Project("{FAE04EC0-301F-11D3-BF4B-00C04F79EFBC}") = "Ex_015", "Ex_015\Ex_015.csproj", "{6D3C5A05-4159-46AD-B900-225BD0D8FFF9}"
EndProject
Project("{FAE04EC0-301F-11D3-BF4B-00C04F79EFBC}") = "Ex_015.Tests", "Tests\Ex_015.Tests\Ex_015.Tests.csproj", "{066E21BB-78E2-4096-8BAC-7210E3CF44B3}"
EndProject
Global
	GlobalSection(SolutionConfigurationPlatforms) = preSolution
		Debug|Any CPU = Debug|Any CPU
		Release|Any CPU = Release|Any CPU
	EndGlobalSection
	GlobalSection(ProjectConfigurationPlatforms) = postSolution
		{31D887FF-6A81-42A4-BDEE-7CDDB3F669CD}.Debug|Any CPU.ActiveCfg = Debug|Any CPU
		{31D887FF-6A81-42A4-BDEE-7CDDB3F669CD}.Debug|Any CPU.Build.0 = Debug|Any CPU
		{31D887FF-6A81-42A4-BDEE-7CDDB3F669CD}.Release|Any CPU.ActiveCfg = Release|Any CPU
		{31D887FF-6A81-42A4-BDEE-7CDDB3F669CD}.Release|Any CPU.Build.0 = Release|Any CPU
		{81C24805-799C-4B5B-B06B-8A803C87545D}.Debug|Any CPU.ActiveCfg = Debug|Any CPU
		{81C24805-799C-4B5B-B06B-8A803C87545D}.Debug|Any CPU.Build.0 = Debug|Any CPU
		{81C24805-799C-4B5B-B06B-8A803C87545D}.Release|Any CPU.ActiveCfg = Release|Any CPU
		{81C24805-799C-4B5B-B06B-8A803C87545D}.Release|Any CPU.Build.0 = Release|Any CPU
		{490BEE70-8878-4A8A-936E-48DEF6F4C36A}.Debug|Any CPU.ActiveCfg = Debug|Any CPU
		{490BEE70-8878-4A8A-936E-48DEF6F4C36A}.Debug|Any CPU.Build.0 = Debug|Any CPU
		{490BEE70-8878-4A8A-936E-48DEF6F4C36A}.Release|Any CPU.ActiveCfg = Release|Any CPU
		{490BEE70-8878-4A8A-936E-48DEF6F4C36A}.Release|Any CPU.Build.0 = Release|Any CPU
		{657974DC-818A-432C-9EC3-0C7146A892C1}.Debug|Any CPU.ActiveCfg = Debug|Any CPU
		{657974DC-818A-432C-9EC3-0C7146A892C1}.Debug|Any CPU.Build.0 = Debug|Any CPU
		{657974DC-818A-432C-9EC3-0C7146A892C1}.Release|Any CPU.ActiveCfg = Release|Any CPU
		{657974DC-818A-432C-9EC3-0C7146A892C1}.Release|Any CPU.Build.0 = Release|Any CPU
		{74688670-4591-461F-A863-061D039A0794}.Debug|Any CPU.ActiveCfg = Debug|Any CPU
		{74688670-4591-461F-A863-061D039A0794}.Debug|Any CPU.Build.0 = Debug|Any CPU
		{74688670-4591-461F-A863-061D039A0794}.Release|Any CPU.ActiveCfg = Release|Any CPU
		{74688670-4591-461F-A863-061D039A0794}.Release|Any CPU.Build.0 = Release|Any CPU
		{212CC93C-4070-4934-A36B-1658E79D22D3}.Debug|Any CPU.ActiveCfg = Debug|Any CPU
		{212CC93C-4070-4934-A36B-1658E79D22D3}.Debug|Any CPU.Build.0 = Debug|Any CPU
		{212CC93C-4070-4934-A36B-1658E79D22D3}.Release|Any CPU.ActiveCfg = Release|Any CPU
		{212CC93C-4070-4934-A36B-1658E79D22D3}.Release|Any CPU.Build.0 = Release|Any CPU
		{9A7EBA64-A898-422C-A26A-FD8D5764DFF4}.Debug|Any CPU.ActiveCfg = Debug|Any CPU
		{9A7EBA64-A898-422C-A26A-FD8D5764DFF4}.Debug|Any CPU.Build.0 = Debug|Any CPU
		{9A7EBA64-A898-422C-A26A-FD8D5764DFF4}.Release|Any CPU.ActiveCfg = Release|Any CPU
		{9A7EBA64-A898-422C-A26A-FD8D5764DFF4}.Release|Any CPU.Build.0 = Release|Any CPU
		{C2D57249-8086-49C7-BF18-3CAEF1D4C81C}.Debug|Any CPU.ActiveCfg = Debug|Any CPU
		{C2D57249-8086-49C7-BF18-3CAEF1D4C81C}.Debug|Any CPU.Build.0 = Debug|Any CPU
		{C2D57249-8086-49C7-BF18-3CAEF1D4C81C}.Release|Any CPU.ActiveCfg = Release|Any CPU
		{C2D57249-8086-49C7-BF18-3CAEF1D4C81C}.Release|Any CPU.Build.0 = Release|Any CPU
		{D4DC6DE7-FC8C-4617-8DBF-FEE8421A9683}.Debug|Any CPU.ActiveCfg = Debug|Any CPU
		{D4DC6DE7-FC8C-4617-8DBF-FEE8421A9683}.Debug|Any CPU.Build.0 = Debug|Any CPU
		{D4DC6DE7-FC8C-4617-8DBF-FEE8421A9683}.Release|Any CPU.ActiveCfg = Release|Any CPU
		{D4DC6DE7-FC8C-4617-8DBF-FEE8421A9683}.Release|Any CPU.Build.0 = Release|Any CPU
		{636D47E4-C6A9-4553-8C90-26956B06D509}.Debug|Any CPU.ActiveCfg = Debug|Any CPU
		{636D47E4-C6A9-4553-8C90-26956B06D509}.Debug|Any CPU.Build.0 = Debug|Any CPU
		{636D47E4-C6A9-4553-8C90-26956B06D509}.Release|Any CPU.ActiveCfg = Release|Any CPU
		{636D47E4-C6A9-4553-8C90-26956B06D509}.Release|Any CPU.Build.0 = Release|Any CPU
		{7080302A-B6BC-49AF-BACE-100D6F943613}.Debug|Any CPU.ActiveCfg = Debug|Any CPU
		{7080302A-B6BC-49AF-BACE-100D6F943613}.Debug|Any CPU.Build.0 = Debug|Any CPU
		{7080302A-B6BC-49AF-BACE-100D6F943613}.Release|Any CPU.ActiveCfg = Release|Any CPU
		{7080302A-B6BC-49AF-BACE-100D6F943613}.Release|Any CPU.Build.0 = Release|Any CPU
		{1D679DDD-CC38-428F-9742-300DBE222448}.Debug|Any CPU.ActiveCfg = Debug|Any CPU
		{1D679DDD-CC38-428F-9742-300DBE222448}.Debug|Any CPU.Build.0 = Debug|Any CPU
		{1D679DDD-CC38-428F-9742-300DBE222448}.Release|Any CPU.ActiveCfg = Release|Any CPU
		{1D679DDD-CC38-428F-9742-300DBE222448}.Release|Any CPU.Build.0 = Release|Any CPU
		{EBE45114-0C3D-480E-8196-33971E5D0E1F}.Debug|Any CPU.ActiveCfg = Debug|Any CPU
		{EBE45114-0C3D-480E-8196-33971E5D0E1F}.Debug|Any CPU.Build.0 = Debug|Any CPU
		{EBE45114-0C3D-480E-8196-33971E5D0E1F}.Release|Any CPU.ActiveCfg = Release|Any CPU
		{EBE45114-0C3D-480E-8196-33971E5D0E1F}.Release|Any CPU.Build.0 = Release|Any CPU
		{4C1CEAF5-236D-4402-A9C1-24E37FD15758}.Debug|Any CPU.ActiveCfg = Debug|Any CPU
		{4C1CEAF5-236D-4402-A9C1-24E37FD15758}.Debug|Any CPU.Build.0 = Debug|Any CPU
		{4C1CEAF5-236D-4402-A9C1-24E37FD15758}.Release|Any CPU.ActiveCfg = Release|Any CPU
		{4C1CEAF5-236D-4402-A9C1-24E37FD15758}.Release|Any CPU.Build.0 = Release|Any CPU
		{292E78AB-E9E7-4E8C-9D31-17F886B30FC3}.Debug|Any CPU.ActiveCfg = Debug|Any CPU
		{292E78AB-E9E7-4E8C-9D31-17F886B30FC3}.Debug|Any CPU.Build.0 = Debug|Any CPU
		{292E78AB-E9E7-4E8C-9D31-17F886B30FC3}.Release|Any CPU.ActiveCfg = Release|Any CPU
		{292E78AB-E9E7-4E8C-9D31-17F886B30FC3}.Release|Any CPU.Build.0 = Release|Any CPU
		{D476F5A9-095B-44C2-9A6D-1F6D22E02BE9}.Debug|Any CPU.ActiveCfg = Debug|Any CPU
		{D476F5A9-095B-44C2-9A6D-1F6D22E02BE9}.Debug|Any CPU.Build.0 = Debug|Any CPU
		{D476F5A9-095B-44C2-9A6D-1F6D22E02BE9}.Release|Any CPU.ActiveCfg = Release|Any CPU
		{D476F5A9-095B-44C2-9A6D-1F6D22E02BE9}.Release|Any CPU.Build.0 = Release|Any CPU
		{B27E1066-8801-4B31-BB65-5BDD7F1CFEE7}.Debug|Any CPU.ActiveCfg = Debug|Any CPU
		{B27E1066-8801-4B31-BB65-5BDD7F1CFEE7}.Debug|Any CPU.Build.0 = Debug|Any CPU
		{B27E1066-8801-4B31-BB65-5BDD7F1CFEE7}.Release|Any CPU.ActiveCfg = Release|Any CPU
		{B27E1066-8801-4B31-BB65-5BDD7F1CFEE7}.Release|Any CPU.Build.0 = Release|Any CPU
		{F75BBAC2-DB8E-464E-8999-B8FBC37E64FC}.Debug|Any CPU.ActiveCfg = Debug|Any CPU
		{F75BBAC2-DB8E-464E-8999-B8FBC37E64FC}.Debug|Any CPU.Build.0 = Debug|Any CPU
		{F75BBAC2-DB8E-464E-8999-B8FBC37E64FC}.Release|Any CPU.ActiveCfg = Release|Any CPU
		{F75BBAC2-DB8E-464E-8999-B8FBC37E64FC}.Release|Any CPU.Build.0 = Release|Any CPU
		{895DAB39-0D08-49A5-A720-C32A98EF0B8B}.Debug|Any CPU.ActiveCfg = Debug|Any CPU
		{895DAB39-0D08-49A5-A720-C32A98EF0B8B}.Debug|Any CPU.Build.0 = Debug|Any CPU
		{895DAB39-0D08-49A5-A720-C32A98EF0B8B}.Release|Any CPU.ActiveCfg = Release|Any CPU
		{895DAB39-0D08-49A5-A720-C32A98EF0B8B}.Release|Any CPU.Build.0 = Release|Any CPU
		{9A76A87A-BD4B-4A41-88F0-DFA70EBA1754}.Debug|Any CPU.ActiveCfg = Debug|Any CPU
		{9A76A87A-BD4B-4A41-88F0-DFA70EBA1754}.Debug|Any CPU.Build.0 = Debug|Any CPU
		{9A76A87A-BD4B-4A41-88F0-DFA70EBA1754}.Release|Any CPU.ActiveCfg = Release|Any CPU
		{9A76A87A-BD4B-4A41-88F0-DFA70EBA1754}.Release|Any CPU.Build.0 = Release|Any CPU
		{6C9E467E-4D0D-444E-9B97-10E2074C01F4}.Debug|Any CPU.ActiveCfg = Debug|Any CPU
		{6C9E467E-4D0D-444E-9B97-10E2074C01F4}.Debug|Any CPU.Build.0 = Debug|Any CPU
		{6C9E467E-4D0D-444E-9B97-10E2074C01F4}.Release|Any CPU.ActiveCfg = Release|Any CPU
		{6C9E467E-4D0D-444E-9B97-10E2074C01F4}.Release|Any CPU.Build.0 = Release|Any CPU
		{86668B21-2B88-4CFE-9FAB-F28DB626483E}.Debug|Any CPU.ActiveCfg = Debug|Any CPU
		{86668B21-2B88-4CFE-9FAB-F28DB626483E}.Debug|Any CPU.Build.0 = Debug|Any CPU
		{86668B21-2B88-4CFE-9FAB-F28DB626483E}.Release|Any CPU.ActiveCfg = Release|Any CPU
		{86668B21-2B88-4CFE-9FAB-F28DB626483E}.Release|Any CPU.Build.0 = Release|Any CPU
		{AAD9D8D9-E518-4F63-B1DE-7DE94B97C828}.Debug|Any CPU.ActiveCfg = Debug|Any CPU
		{AAD9D8D9-E518-4F63-B1DE-7DE94B97C828}.Debug|Any CPU.Build.0 = Debug|Any CPU
		{AAD9D8D9-E518-4F63-B1DE-7DE94B97C828}.Release|Any CPU.ActiveCfg = Release|Any CPU
		{AAD9D8D9-E518-4F63-B1DE-7DE94B97C828}.Release|Any CPU.Build.0 = Release|Any CPU
		{85B9E7B2-1E18-449D-82F3-1B4E86669176}.Debug|Any CPU.ActiveCfg = Debug|Any CPU
		{85B9E7B2-1E18-449D-82F3-1B4E86669176}.Debug|Any CPU.Build.0 = Debug|Any CPU
		{85B9E7B2-1E18-449D-82F3-1B4E86669176}.Release|Any CPU.ActiveCfg = Release|Any CPU
		{85B9E7B2-1E18-449D-82F3-1B4E86669176}.Release|Any CPU.Build.0 = Release|Any CPU
		{07FA431E-258B-448F-979C-20D8C5117F57}.Debug|Any CPU.ActiveCfg = Debug|Any CPU
		{07FA431E-258B-448F-979C-20D8C5117F57}.Debug|Any CPU.Build.0 = Debug|Any CPU
		{07FA431E-258B-448F-979C-20D8C5117F57}.Release|Any CPU.ActiveCfg = Release|Any CPU
		{07FA431E-258B-448F-979C-20D8C5117F57}.Release|Any CPU.Build.0 = Release|Any CPU
		{0A0C516B-750A-42ED-AFB5-27260491E440}.Debug|Any CPU.ActiveCfg = Debug|Any CPU
		{0A0C516B-750A-42ED-AFB5-27260491E440}.Debug|Any CPU.Build.0 = Debug|Any CPU
		{0A0C516B-750A-42ED-AFB5-27260491E440}.Release|Any CPU.ActiveCfg = Release|Any CPU
		{0A0C516B-750A-42ED-AFB5-27260491E440}.Release|Any CPU.Build.0 = Release|Any CPU
		{8EB056EC-95C3-4A7F-9F73-B0AF4369B230}.Debug|Any CPU.ActiveCfg = Debug|Any CPU
		{8EB056EC-95C3-4A7F-9F73-B0AF4369B230}.Debug|Any CPU.Build.0 = Debug|Any CPU
		{8EB056EC-95C3-4A7F-9F73-B0AF4369B230}.Release|Any CPU.ActiveCfg = Release|Any CPU
		{8EB056EC-95C3-4A7F-9F73-B0AF4369B230}.Release|Any CPU.Build.0 = Release|Any CPU
		{758D34AB-3FD0-40A6-A77F-B489E4E121DB}.Debug|Any CPU.ActiveCfg = Debug|Any CPU
		{758D34AB-3FD0-40A6-A77F-B489E4E121DB}.Debug|Any CPU.Build.0 = Debug|Any CPU
		{758D34AB-3FD0-40A6-A77F-B489E4E121DB}.Release|Any CPU.ActiveCfg = Release|Any CPU
		{758D34AB-3FD0-40A6-A77F-B489E4E121DB}.Release|Any CPU.Build.0 = Release|Any CPU
		{53049EB0-035F-4C1D-8A68-527D91B99CC8}.Debug|Any CPU.ActiveCfg = Debug|Any CPU
		{53049EB0-035F-4C1D-8A68-527D91B99CC8}.Debug|Any CPU.Build.0 = Debug|Any CPU
		{53049EB0-035F-4C1D-8A68-527D91B99CC8}.Release|Any CPU.ActiveCfg = Release|Any CPU
		{53049EB0-035F-4C1D-8A68-527D91B99CC8}.Release|Any CPU.Build.0 = Release|Any CPU
		{F1A22464-2FF8-4381-82B7-30484F653CBD}.Debug|Any CPU.ActiveCfg = Debug|Any CPU
		{F1A22464-2FF8-4381-82B7-30484F653CBD}.Debug|Any CPU.Build.0 = Debug|Any CPU
		{F1A22464-2FF8-4381-82B7-30484F653CBD}.Release|Any CPU.ActiveCfg = Release|Any CPU
		{F1A22464-2FF8-4381-82B7-30484F653CBD}.Release|Any CPU.Build.0 = Release|Any CPU
		{6D3C5A05-4159-46AD-B900-225BD0D8FFF9}.Debug|Any CPU.ActiveCfg = Debug|Any CPU
		{6D3C5A05-4159-46AD-B900-225BD0D8FFF9}.Debug|Any CPU.Build.0 = Debug|Any CPU
		{6D3C5A05-4159-46AD-B900-225BD0D8FFF9}.Release|Any CPU.ActiveCfg = Release|Any CPU
		{6D3C5A05-4159-46AD-B900-225BD0D8FFF9}.Release|Any CPU.Build.0 = Release|Any CPU
		{066E21BB-78E2-4096-8BAC-7210E3CF44B3}.Debug|Any CPU.ActiveCfg = Debug|Any CPU
		{066E21BB-78E2-4096-8BAC-7210E3CF44B3}.Debug|Any CPU.Build.0 = Debug|Any CPU
		{066E21BB-78E2-4096-8BAC-7210E3CF44B3}.Release|Any CPU.ActiveCfg = Release|Any CPU
		{066E21BB-78E2-4096-8BAC-7210E3CF44B3}.Release|Any CPU.Build.0 = Release|Any CPU
	EndGlobalSection
	GlobalSection(NestedProjects) = preSolution
		{657974DC-818A-432C-9EC3-0C7146A892C1} = {C5797964-0C54-4D36-A1A5-A8991F0C631E}
		{74688670-4591-461F-A863-061D039A0794} = {C5797964-0C54-4D36-A1A5-A8991F0C631E}
		{9A7EBA64-A898-422C-A26A-FD8D5764DFF4} = {C5797964-0C54-4D36-A1A5-A8991F0C631E}
		{636D47E4-C6A9-4553-8C90-26956B06D509} = {C5797964-0C54-4D36-A1A5-A8991F0C631E}
		{7080302A-B6BC-49AF-BACE-100D6F943613} = {C5797964-0C54-4D36-A1A5-A8991F0C631E}
		{4C1CEAF5-236D-4402-A9C1-24E37FD15758} = {C5797964-0C54-4D36-A1A5-A8991F0C631E}
		{D476F5A9-095B-44C2-9A6D-1F6D22E02BE9} = {C5797964-0C54-4D36-A1A5-A8991F0C631E}
		{B27E1066-8801-4B31-BB65-5BDD7F1CFEE7} = {C5797964-0C54-4D36-A1A5-A8991F0C631E}
		{895DAB39-0D08-49A5-A720-C32A98EF0B8B} = {C5797964-0C54-4D36-A1A5-A8991F0C631E}
		{6C9E467E-4D0D-444E-9B97-10E2074C01F4} = {C5797964-0C54-4D36-A1A5-A8991F0C631E}
		{85B9E7B2-1E18-449D-82F3-1B4E86669176} = {C5797964-0C54-4D36-A1A5-A8991F0C631E}
		{0A0C516B-750A-42ED-AFB5-27260491E440} = {C5797964-0C54-4D36-A1A5-A8991F0C631E}
		{758D34AB-3FD0-40A6-A77F-B489E4E121DB} = {C5797964-0C54-4D36-A1A5-A8991F0C631E}
		{F1A22464-2FF8-4381-82B7-30484F653CBD} = {C5797964-0C54-4D36-A1A5-A8991F0C631E}
		{066E21BB-78E2-4096-8BAC-7210E3CF44B3} = {C5797964-0C54-4D36-A1A5-A8991F0C631E}
	EndGlobalSection
EndGlobal
